
Microsoft Visual Studio Solution File, Format Version 11.00
# Visual Studio 2010
Project("{FAE04EC0-301F-11D3-BF4B-00C04F79EFBC}") = "KUThesis", "Assembly-CSharp.csproj", "{526F1DA7-1314-52C4-219D-4168E04378E7}"
EndProject
Project("{FAE04EC0-301F-11D3-BF4B-00C04F79EFBC}") = "KUThesis", "Assembly-CSharp-Editor.csproj", "{859C9A51-A3C6-887A-D531-885BDA1E7947}"
EndProject
Global
	GlobalSection(SolutionConfigurationPlatforms) = preSolution
		Debug|Any CPU = Debug|Any CPU
		Release|Any CPU = Release|Any CPU
	EndGlobalSection
	GlobalSection(ProjectConfigurationPlatforms) = postSolution
		{526F1DA7-1314-52C4-219D-4168E04378E7}.Debug|Any CPU.ActiveCfg = Debug|Any CPU
		{526F1DA7-1314-52C4-219D-4168E04378E7}.Debug|Any CPU.Build.0 = Debug|Any CPU
		{526F1DA7-1314-52C4-219D-4168E04378E7}.Release|Any CPU.ActiveCfg = Release|Any CPU
		{526F1DA7-1314-52C4-219D-4168E04378E7}.Release|Any CPU.Build.0 = Release|Any CPU
		{859C9A51-A3C6-887A-D531-885BDA1E7947}.Debug|Any CPU.ActiveCfg = Debug|Any CPU
		{859C9A51-A3C6-887A-D531-885BDA1E7947}.Debug|Any CPU.Build.0 = Debug|Any CPU
		{859C9A51-A3C6-887A-D531-885BDA1E7947}.Release|Any CPU.ActiveCfg = Release|Any CPU
		{859C9A51-A3C6-887A-D531-885BDA1E7947}.Release|Any CPU.Build.0 = Release|Any CPU
	EndGlobalSection
	GlobalSection(SolutionProperties) = preSolution
		HideSolutionNode = FALSE
	EndGlobalSection
	GlobalSection(MonoDevelopProperties) = preSolution
		StartupItem = Assembly-CSharp.csproj
	EndGlobalSection
EndGlobal
